
Microsoft Visual Studio Solution File, Format Version 12.00
# Visual Studio Version 16
VisualStudioVersion = 16.0.30320.27
MinimumVisualStudioVersion = 10.0.40219.1
Project("{2150E333-8FDC-42A3-9474-1A3956D46DE8}") = "Microservices", "Microservices", "{608AB96B-0B10-4B87-8A4B-FFAEBE6AF082}"
EndProject
Project("{2150E333-8FDC-42A3-9474-1A3956D46DE8}") = "Domain", "Domain", "{EE8F7C42-192A-4B9E-815A-C23471B66DBC}"
EndProject
Project("{2150E333-8FDC-42A3-9474-1A3956D46DE8}") = "Infra.Bus", "Infra.Bus", "{C03451F5-00A1-4B6E-A72F-48E8FF4EE29A}"
EndProject
Project("{2150E333-8FDC-42A3-9474-1A3956D46DE8}") = "Infra.IOC", "Infra.IOC", "{5CD64237-BA51-4740-91A0-9CECCA609F06}"
EndProject
Project("{2150E333-8FDC-42A3-9474-1A3956D46DE8}") = "Presentation", "Presentation", "{F875199C-44F3-4400-8786-EF0C0C48562F}"
EndProject
Project("{FAE04EC0-301F-11D3-BF4B-00C04F79EFBC}") = "RabbitAppSolution.Domain.Core", "Core\RabbitAppSolution.Domain.Core.csproj", "{76D89BFB-4D5F-42FF-AF3A-BB8D2ACD7F27}"
EndProject
Project("{FAE04EC0-301F-11D3-BF4B-00C04F79EFBC}") = "RabbitAppSolution.Infra.Bus", "RabbitApp.Infra.Bus\RabbitAppSolution.Infra.Bus.csproj", "{95E4B868-CEE6-4F9D-A0E8-CD094DADED43}"
EndProject
Project("{FAE04EC0-301F-11D3-BF4B-00C04F79EFBC}") = "RabbitAppSolution.Infra.IOC", "RabbitAppSolution.Infra.IOC\RabbitAppSolution.Infra.IOC.csproj", "{DD41FBE0-F3B0-47AA-AEC8-A13D464FFC47}"
EndProject
Project("{2150E333-8FDC-42A3-9474-1A3956D46DE8}") = "Banking", "Banking", "{B82D7E33-E26E-4EA6-B1B9-8F2AC487DB6D}"
EndProject
Project("{2150E333-8FDC-42A3-9474-1A3956D46DE8}") = "Api", "Api", "{B06B8E34-656D-4EE6-8DD9-A0FCF8A29B41}"
EndProject
Project("{2150E333-8FDC-42A3-9474-1A3956D46DE8}") = "Domain", "Domain", "{1B10BC3F-1D33-47F8-A9EC-5B54BF396ADA}"
EndProject
Project("{2150E333-8FDC-42A3-9474-1A3956D46DE8}") = "Application", "Application", "{7CB22164-0F77-45B4-ADE6-6B12B25CD97A}"
EndProject
Project("{2150E333-8FDC-42A3-9474-1A3956D46DE8}") = "Data", "Data", "{2A8C6C23-737E-4792-BEBD-B8915703DE40}"
EndProject
Project("{FAE04EC0-301F-11D3-BF4B-00C04F79EFBC}") = "RabbitAppSolution.Microservices.Api", "RabbitAppSolution.Microservices.Api\RabbitAppSolution.Microservices.Api.csproj", "{2F011365-CAFA-4F96-A6C3-6BE4C243985B}"
EndProject
Project("{FAE04EC0-301F-11D3-BF4B-00C04F79EFBC}") = "RabbitAppSolution.Banking.Application", "RabbitAppSolution.Banking.Application\RabbitAppSolution.Banking.Application.csproj", "{FA0802F1-7ADE-4BC9-BCC8-82BCE6E6DFAE}"
EndProject
Project("{FAE04EC0-301F-11D3-BF4B-00C04F79EFBC}") = "RabbitAppSolution.Banking.Data", "RabbitAppSolution.Banking.Data\RabbitAppSolution.Banking.Data.csproj", "{6C9A5365-2947-41B7-91B6-81DA56426742}"
EndProject
Project("{FAE04EC0-301F-11D3-BF4B-00C04F79EFBC}") = "RabbitAppSolution.Banking.Domain", "RabbitAppSolution.Banking.Domain\RabbitAppSolution.Banking.Domain.csproj", "{C6986EBD-5C1C-430D-8C65-F8AA41EF20A3}"
EndProject
Global
	GlobalSection(SolutionConfigurationPlatforms) = preSolution
		Debug|Any CPU = Debug|Any CPU
		Release|Any CPU = Release|Any CPU
	EndGlobalSection
	GlobalSection(ProjectConfigurationPlatforms) = postSolution
		{76D89BFB-4D5F-42FF-AF3A-BB8D2ACD7F27}.Debug|Any CPU.ActiveCfg = Debug|Any CPU
		{76D89BFB-4D5F-42FF-AF3A-BB8D2ACD7F27}.Debug|Any CPU.Build.0 = Debug|Any CPU
		{76D89BFB-4D5F-42FF-AF3A-BB8D2ACD7F27}.Release|Any CPU.ActiveCfg = Release|Any CPU
		{76D89BFB-4D5F-42FF-AF3A-BB8D2ACD7F27}.Release|Any CPU.Build.0 = Release|Any CPU
		{95E4B868-CEE6-4F9D-A0E8-CD094DADED43}.Debug|Any CPU.ActiveCfg = Debug|Any CPU
		{95E4B868-CEE6-4F9D-A0E8-CD094DADED43}.Debug|Any CPU.Build.0 = Debug|Any CPU
		{95E4B868-CEE6-4F9D-A0E8-CD094DADED43}.Release|Any CPU.ActiveCfg = Release|Any CPU
		{95E4B868-CEE6-4F9D-A0E8-CD094DADED43}.Release|Any CPU.Build.0 = Release|Any CPU
		{DD41FBE0-F3B0-47AA-AEC8-A13D464FFC47}.Debug|Any CPU.ActiveCfg = Debug|Any CPU
		{DD41FBE0-F3B0-47AA-AEC8-A13D464FFC47}.Debug|Any CPU.Build.0 = Debug|Any CPU
		{DD41FBE0-F3B0-47AA-AEC8-A13D464FFC47}.Release|Any CPU.ActiveCfg = Release|Any CPU
		{DD41FBE0-F3B0-47AA-AEC8-A13D464FFC47}.Release|Any CPU.Build.0 = Release|Any CPU
		{2F011365-CAFA-4F96-A6C3-6BE4C243985B}.Debug|Any CPU.ActiveCfg = Debug|Any CPU
		{2F011365-CAFA-4F96-A6C3-6BE4C243985B}.Debug|Any CPU.Build.0 = Debug|Any CPU
		{2F011365-CAFA-4F96-A6C3-6BE4C243985B}.Release|Any CPU.ActiveCfg = Release|Any CPU
		{2F011365-CAFA-4F96-A6C3-6BE4C243985B}.Release|Any CPU.Build.0 = Release|Any CPU
		{FA0802F1-7ADE-4BC9-BCC8-82BCE6E6DFAE}.Debug|Any CPU.ActiveCfg = Debug|Any CPU
		{FA0802F1-7ADE-4BC9-BCC8-82BCE6E6DFAE}.Debug|Any CPU.Build.0 = Debug|Any CPU
		{FA0802F1-7ADE-4BC9-BCC8-82BCE6E6DFAE}.Release|Any CPU.ActiveCfg = Release|Any CPU
		{FA0802F1-7ADE-4BC9-BCC8-82BCE6E6DFAE}.Release|Any CPU.Build.0 = Release|Any CPU
		{6C9A5365-2947-41B7-91B6-81DA56426742}.Debug|Any CPU.ActiveCfg = Debug|Any CPU
		{6C9A5365-2947-41B7-91B6-81DA56426742}.Debug|Any CPU.Build.0 = Debug|Any CPU
		{6C9A5365-2947-41B7-91B6-81DA56426742}.Release|Any CPU.ActiveCfg = Release|Any CPU
		{6C9A5365-2947-41B7-91B6-81DA56426742}.Release|Any CPU.Build.0 = Release|Any CPU
		{C6986EBD-5C1C-430D-8C65-F8AA41EF20A3}.Debug|Any CPU.ActiveCfg = Debug|Any CPU
		{C6986EBD-5C1C-430D-8C65-F8AA41EF20A3}.Debug|Any CPU.Build.0 = Debug|Any CPU
		{C6986EBD-5C1C-430D-8C65-F8AA41EF20A3}.Release|Any CPU.ActiveCfg = Release|Any CPU
		{C6986EBD-5C1C-430D-8C65-F8AA41EF20A3}.Release|Any CPU.Build.0 = Release|Any CPU
	EndGlobalSection
	GlobalSection(SolutionProperties) = preSolution
		HideSolutionNode = FALSE
	EndGlobalSection
	GlobalSection(NestedProjects) = preSolution
		{76D89BFB-4D5F-42FF-AF3A-BB8D2ACD7F27} = {EE8F7C42-192A-4B9E-815A-C23471B66DBC}
		{95E4B868-CEE6-4F9D-A0E8-CD094DADED43} = {C03451F5-00A1-4B6E-A72F-48E8FF4EE29A}
		{DD41FBE0-F3B0-47AA-AEC8-A13D464FFC47} = {5CD64237-BA51-4740-91A0-9CECCA609F06}
		{B82D7E33-E26E-4EA6-B1B9-8F2AC487DB6D} = {608AB96B-0B10-4B87-8A4B-FFAEBE6AF082}
		{B06B8E34-656D-4EE6-8DD9-A0FCF8A29B41} = {B82D7E33-E26E-4EA6-B1B9-8F2AC487DB6D}
		{1B10BC3F-1D33-47F8-A9EC-5B54BF396ADA} = {B82D7E33-E26E-4EA6-B1B9-8F2AC487DB6D}
		{7CB22164-0F77-45B4-ADE6-6B12B25CD97A} = {B82D7E33-E26E-4EA6-B1B9-8F2AC487DB6D}
		{2A8C6C23-737E-4792-BEBD-B8915703DE40} = {B82D7E33-E26E-4EA6-B1B9-8F2AC487DB6D}
		{2F011365-CAFA-4F96-A6C3-6BE4C243985B} = {B06B8E34-656D-4EE6-8DD9-A0FCF8A29B41}
		{FA0802F1-7ADE-4BC9-BCC8-82BCE6E6DFAE} = {7CB22164-0F77-45B4-ADE6-6B12B25CD97A}
		{6C9A5365-2947-41B7-91B6-81DA56426742} = {2A8C6C23-737E-4792-BEBD-B8915703DE40}
		{C6986EBD-5C1C-430D-8C65-F8AA41EF20A3} = {1B10BC3F-1D33-47F8-A9EC-5B54BF396ADA}
	EndGlobalSection
	GlobalSection(ExtensibilityGlobals) = postSolution
		SolutionGuid = {6C0EC9C1-3576-4507-A39B-51AEA159FE6A}
	EndGlobalSection
EndGlobal
